
Microsoft Visual Studio Solution File, Format Version 12.00
# Visual Studio Version 17
VisualStudioVersion = 17.0.31903.59
MinimumVisualStudioVersion = 10.0.40219.1
Project("{2150E333-8FDC-42A3-9474-1A3956D46DE8}") = "src", "src", "{827E0CD3-B72D-47B6-A68D-7590B98EB39B}"
EndProject
Project("{FAE04EC0-301F-11D3-BF4B-00C04F79EFBC}") = "RoslynStone.Api", "src\RoslynStone.Api\RoslynStone.Api.csproj", "{925E18BC-C1D3-413B-ABE0-1921E905497D}"
EndProject
Project("{FAE04EC0-301F-11D3-BF4B-00C04F79EFBC}") = "RoslynStone.Core", "src\RoslynStone.Core\RoslynStone.Core.csproj", "{5F9B7489-C19D-4779-BA31-F1414BE1B155}"
EndProject
Project("{FAE04EC0-301F-11D3-BF4B-00C04F79EFBC}") = "RoslynStone.Infrastructure", "src\RoslynStone.Infrastructure\RoslynStone.Infrastructure.csproj", "{58E3C123-9602-4EAB-8925-46F8F2E882BA}"
EndProject
Project("{2150E333-8FDC-42A3-9474-1A3956D46DE8}") = "tests", "tests", "{0AB3BF05-4346-4AA6-1389-037BE0695223}"
EndProject
Project("{FAE04EC0-301F-11D3-BF4B-00C04F79EFBC}") = "RoslynStone.Tests", "tests\RoslynStone.Tests\RoslynStone.Tests.csproj", "{6CA8EDF5-4A86-492C-B497-FF32807B7DB1}"
EndProject
Project("{FAE04EC0-301F-11D3-BF4B-00C04F79EFBC}") = "RoslynStone.ServiceDefaults", "src\RoslynStone.ServiceDefaults\RoslynStone.ServiceDefaults.csproj", "{05255555-7027-416C-9ED7-C4BDB5A73402}"
EndProject
Project("{FAE04EC0-301F-11D3-BF4B-00C04F79EFBC}") = "RoslynStone.AppHost", "src\RoslynStone.AppHost\RoslynStone.AppHost.csproj", "{CC117307-5F76-4BF3-8C06-66C0EE3C7C66}"
EndProject
Project("{FAE04EC0-301F-11D3-BF4B-00C04F79EFBC}") = "RoslynStone.Benchmarks", "tests\RoslynStone.Benchmarks\RoslynStone.Benchmarks.csproj", "{875FCCDE-6AD5-48B5-A52F-A5C2D553C36B}"
EndProject
Project("{FAE04EC0-301F-11D3-BF4B-00C04F79EFBC}") = "RoslynStone.LoadTests", "tests\RoslynStone.LoadTests\RoslynStone.LoadTests.csproj", "{2EFCC8E5-8008-45DE-82D2-E3EB2EC99C4D}"
EndProject
Global
	GlobalSection(SolutionConfigurationPlatforms) = preSolution
		Debug|Any CPU = Debug|Any CPU
		Debug|x64 = Debug|x64
		Debug|x86 = Debug|x86
		Release|Any CPU = Release|Any CPU
		Release|x64 = Release|x64
		Release|x86 = Release|x86
	EndGlobalSection
	GlobalSection(ProjectConfigurationPlatforms) = postSolution
		{925E18BC-C1D3-413B-ABE0-1921E905497D}.Debug|Any CPU.ActiveCfg = Debug|Any CPU
		{925E18BC-C1D3-413B-ABE0-1921E905497D}.Debug|Any CPU.Build.0 = Debug|Any CPU
		{925E18BC-C1D3-413B-ABE0-1921E905497D}.Debug|x64.ActiveCfg = Debug|Any CPU
		{925E18BC-C1D3-413B-ABE0-1921E905497D}.Debug|x64.Build.0 = Debug|Any CPU
		{925E18BC-C1D3-413B-ABE0-1921E905497D}.Debug|x86.ActiveCfg = Debug|Any CPU
		{925E18BC-C1D3-413B-ABE0-1921E905497D}.Debug|x86.Build.0 = Debug|Any CPU
		{925E18BC-C1D3-413B-ABE0-1921E905497D}.Release|Any CPU.ActiveCfg = Release|Any CPU
		{925E18BC-C1D3-413B-ABE0-1921E905497D}.Release|Any CPU.Build.0 = Release|Any CPU
		{925E18BC-C1D3-413B-ABE0-1921E905497D}.Release|x64.ActiveCfg = Release|Any CPU
		{925E18BC-C1D3-413B-ABE0-1921E905497D}.Release|x64.Build.0 = Release|Any CPU
		{925E18BC-C1D3-413B-ABE0-1921E905497D}.Release|x86.ActiveCfg = Release|Any CPU
		{925E18BC-C1D3-413B-ABE0-1921E905497D}.Release|x86.Build.0 = Release|Any CPU
		{5F9B7489-C19D-4779-BA31-F1414BE1B155}.Debug|Any CPU.ActiveCfg = Debug|Any CPU
		{5F9B7489-C19D-4779-BA31-F1414BE1B155}.Debug|Any CPU.Build.0 = Debug|Any CPU
		{5F9B7489-C19D-4779-BA31-F1414BE1B155}.Debug|x64.ActiveCfg = Debug|Any CPU
		{5F9B7489-C19D-4779-BA31-F1414BE1B155}.Debug|x64.Build.0 = Debug|Any CPU
		{5F9B7489-C19D-4779-BA31-F1414BE1B155}.Debug|x86.ActiveCfg = Debug|Any CPU
		{5F9B7489-C19D-4779-BA31-F1414BE1B155}.Debug|x86.Build.0 = Debug|Any CPU
		{5F9B7489-C19D-4779-BA31-F1414BE1B155}.Release|Any CPU.ActiveCfg = Release|Any CPU
		{5F9B7489-C19D-4779-BA31-F1414BE1B155}.Release|Any CPU.Build.0 = Release|Any CPU
		{5F9B7489-C19D-4779-BA31-F1414BE1B155}.Release|x64.ActiveCfg = Release|Any CPU
		{5F9B7489-C19D-4779-BA31-F1414BE1B155}.Release|x64.Build.0 = Release|Any CPU
		{5F9B7489-C19D-4779-BA31-F1414BE1B155}.Release|x86.ActiveCfg = Release|Any CPU
		{5F9B7489-C19D-4779-BA31-F1414BE1B155}.Release|x86.Build.0 = Release|Any CPU
		{58E3C123-9602-4EAB-8925-46F8F2E882BA}.Debug|Any CPU.ActiveCfg = Debug|Any CPU
		{58E3C123-9602-4EAB-8925-46F8F2E882BA}.Debug|Any CPU.Build.0 = Debug|Any CPU
		{58E3C123-9602-4EAB-8925-46F8F2E882BA}.Debug|x64.ActiveCfg = Debug|Any CPU
		{58E3C123-9602-4EAB-8925-46F8F2E882BA}.Debug|x64.Build.0 = Debug|Any CPU
		{58E3C123-9602-4EAB-8925-46F8F2E882BA}.Debug|x86.ActiveCfg = Debug|Any CPU
		{58E3C123-9602-4EAB-8925-46F8F2E882BA}.Debug|x86.Build.0 = Debug|Any CPU
		{58E3C123-9602-4EAB-8925-46F8F2E882BA}.Release|Any CPU.ActiveCfg = Release|Any CPU
		{58E3C123-9602-4EAB-8925-46F8F2E882BA}.Release|Any CPU.Build.0 = Release|Any CPU
		{58E3C123-9602-4EAB-8925-46F8F2E882BA}.Release|x64.ActiveCfg = Release|Any CPU
		{58E3C123-9602-4EAB-8925-46F8F2E882BA}.Release|x64.Build.0 = Release|Any CPU
		{58E3C123-9602-4EAB-8925-46F8F2E882BA}.Release|x86.ActiveCfg = Release|Any CPU
		{58E3C123-9602-4EAB-8925-46F8F2E882BA}.Release|x86.Build.0 = Release|Any CPU
		{6CA8EDF5-4A86-492C-B497-FF32807B7DB1}.Debug|Any CPU.ActiveCfg = Debug|Any CPU
		{6CA8EDF5-4A86-492C-B497-FF32807B7DB1}.Debug|Any CPU.Build.0 = Debug|Any CPU
		{6CA8EDF5-4A86-492C-B497-FF32807B7DB1}.Debug|x64.ActiveCfg = Debug|Any CPU
		{6CA8EDF5-4A86-492C-B497-FF32807B7DB1}.Debug|x64.Build.0 = Debug|Any CPU
		{6CA8EDF5-4A86-492C-B497-FF32807B7DB1}.Debug|x86.ActiveCfg = Debug|Any CPU
		{6CA8EDF5-4A86-492C-B497-FF32807B7DB1}.Debug|x86.Build.0 = Debug|Any CPU
		{6CA8EDF5-4A86-492C-B497-FF32807B7DB1}.Release|Any CPU.ActiveCfg = Release|Any CPU
		{6CA8EDF5-4A86-492C-B497-FF32807B7DB1}.Release|Any CPU.Build.0 = Release|Any CPU
		{6CA8EDF5-4A86-492C-B497-FF32807B7DB1}.Release|x64.ActiveCfg = Release|Any CPU
		{6CA8EDF5-4A86-492C-B497-FF32807B7DB1}.Release|x64.Build.0 = Release|Any CPU
		{6CA8EDF5-4A86-492C-B497-FF32807B7DB1}.Release|x86.ActiveCfg = Release|Any CPU
		{6CA8EDF5-4A86-492C-B497-FF32807B7DB1}.Release|x86.Build.0 = Release|Any CPU
		{05255555-7027-416C-9ED7-C4BDB5A73402}.Debug|Any CPU.ActiveCfg = Debug|Any CPU
		{05255555-7027-416C-9ED7-C4BDB5A73402}.Debug|Any CPU.Build.0 = Debug|Any CPU
		{05255555-7027-416C-9ED7-C4BDB5A73402}.Debug|x64.ActiveCfg = Debug|Any CPU
		{05255555-7027-416C-9ED7-C4BDB5A73402}.Debug|x64.Build.0 = Debug|Any CPU
		{05255555-7027-416C-9ED7-C4BDB5A73402}.Debug|x86.ActiveCfg = Debug|Any CPU
		{05255555-7027-416C-9ED7-C4BDB5A73402}.Debug|x86.Build.0 = Debug|Any CPU
		{05255555-7027-416C-9ED7-C4BDB5A73402}.Release|Any CPU.ActiveCfg = Release|Any CPU
		{05255555-7027-416C-9ED7-C4BDB5A73402}.Release|Any CPU.Build.0 = Release|Any CPU
		{05255555-7027-416C-9ED7-C4BDB5A73402}.Release|x64.ActiveCfg = Release|Any CPU
		{05255555-7027-416C-9ED7-C4BDB5A73402}.Release|x64.Build.0 = Release|Any CPU
		{05255555-7027-416C-9ED7-C4BDB5A73402}.Release|x86.ActiveCfg = Release|Any CPU
		{05255555-7027-416C-9ED7-C4BDB5A73402}.Release|x86.Build.0 = Release|Any CPU
		{CC117307-5F76-4BF3-8C06-66C0EE3C7C66}.Debug|Any CPU.ActiveCfg = Debug|Any CPU
		{CC117307-5F76-4BF3-8C06-66C0EE3C7C66}.Debug|Any CPU.Build.0 = Debug|Any CPU
		{CC117307-5F76-4BF3-8C06-66C0EE3C7C66}.Debug|x64.ActiveCfg = Debug|Any CPU
		{CC117307-5F76-4BF3-8C06-66C0EE3C7C66}.Debug|x64.Build.0 = Debug|Any CPU
		{CC117307-5F76-4BF3-8C06-66C0EE3C7C66}.Debug|x86.ActiveCfg = Debug|Any CPU
		{CC117307-5F76-4BF3-8C06-66C0EE3C7C66}.Debug|x86.Build.0 = Debug|Any CPU
		{CC117307-5F76-4BF3-8C06-66C0EE3C7C66}.Release|Any CPU.ActiveCfg = Release|Any CPU
		{CC117307-5F76-4BF3-8C06-66C0EE3C7C66}.Release|Any CPU.Build.0 = Release|Any CPU
		{CC117307-5F76-4BF3-8C06-66C0EE3C7C66}.Release|x64.ActiveCfg = Release|Any CPU
		{CC117307-5F76-4BF3-8C06-66C0EE3C7C66}.Release|x64.Build.0 = Release|Any CPU
		{CC117307-5F76-4BF3-8C06-66C0EE3C7C66}.Release|x86.ActiveCfg = Release|Any CPU
		{CC117307-5F76-4BF3-8C06-66C0EE3C7C66}.Release|x86.Build.0 = Release|Any CPU
		{875FCCDE-6AD5-48B5-A52F-A5C2D553C36B}.Debug|Any CPU.ActiveCfg = Debug|Any CPU
		{875FCCDE-6AD5-48B5-A52F-A5C2D553C36B}.Debug|Any CPU.Build.0 = Debug|Any CPU
		{875FCCDE-6AD5-48B5-A52F-A5C2D553C36B}.Debug|x64.ActiveCfg = Debug|Any CPU
		{875FCCDE-6AD5-48B5-A52F-A5C2D553C36B}.Debug|x64.Build.0 = Debug|Any CPU
		{875FCCDE-6AD5-48B5-A52F-A5C2D553C36B}.Debug|x86.ActiveCfg = Debug|Any CPU
		{875FCCDE-6AD5-48B5-A52F-A5C2D553C36B}.Debug|x86.Build.0 = Debug|Any CPU
		{875FCCDE-6AD5-48B5-A52F-A5C2D553C36B}.Release|Any CPU.ActiveCfg = Release|Any CPU
		{875FCCDE-6AD5-48B5-A52F-A5C2D553C36B}.Release|Any CPU.Build.0 = Release|Any CPU
		{875FCCDE-6AD5-48B5-A52F-A5C2D553C36B}.Release|x64.ActiveCfg = Release|Any CPU
		{875FCCDE-6AD5-48B5-A52F-A5C2D553C36B}.Release|x64.Build.0 = Release|Any CPU
		{875FCCDE-6AD5-48B5-A52F-A5C2D553C36B}.Release|x86.ActiveCfg = Release|Any CPU
		{875FCCDE-6AD5-48B5-A52F-A5C2D553C36B}.Release|x86.Build.0 = Release|Any CPU
		{2EFCC8E5-8008-45DE-82D2-E3EB2EC99C4D}.Debug|Any CPU.ActiveCfg = Debug|Any CPU
		{2EFCC8E5-8008-45DE-82D2-E3EB2EC99C4D}.Debug|Any CPU.Build.0 = Debug|Any CPU
		{2EFCC8E5-8008-45DE-82D2-E3EB2EC99C4D}.Debug|x64.ActiveCfg = Debug|Any CPU
		{2EFCC8E5-8008-45DE-82D2-E3EB2EC99C4D}.Debug|x64.Build.0 = Debug|Any CPU
		{2EFCC8E5-8008-45DE-82D2-E3EB2EC99C4D}.Debug|x86.ActiveCfg = Debug|Any CPU
		{2EFCC8E5-8008-45DE-82D2-E3EB2EC99C4D}.Debug|x86.Build.0 = Debug|Any CPU
		{2EFCC8E5-8008-45DE-82D2-E3EB2EC99C4D}.Release|Any CPU.ActiveCfg = Release|Any CPU
		{2EFCC8E5-8008-45DE-82D2-E3EB2EC99C4D}.Release|Any CPU.Build.0 = Release|Any CPU
		{2EFCC8E5-8008-45DE-82D2-E3EB2EC99C4D}.Release|x64.ActiveCfg = Release|Any CPU
		{2EFCC8E5-8008-45DE-82D2-E3EB2EC99C4D}.Release|x64.Build.0 = Release|Any CPU
		{2EFCC8E5-8008-45DE-82D2-E3EB2EC99C4D}.Release|x86.ActiveCfg = Release|Any CPU
		{2EFCC8E5-8008-45DE-82D2-E3EB2EC99C4D}.Release|x86.Build.0 = Release|Any CPU
	EndGlobalSection
	GlobalSection(SolutionProperties) = preSolution
		HideSolutionNode = FALSE
	EndGlobalSection
	GlobalSection(NestedProjects) = preSolution
		{925E18BC-C1D3-413B-ABE0-1921E905497D} = {827E0CD3-B72D-47B6-A68D-7590B98EB39B}
		{5F9B7489-C19D-4779-BA31-F1414BE1B155} = {827E0CD3-B72D-47B6-A68D-7590B98EB39B}
		{58E3C123-9602-4EAB-8925-46F8F2E882BA} = {827E0CD3-B72D-47B6-A68D-7590B98EB39B}
		{6CA8EDF5-4A86-492C-B497-FF32807B7DB1} = {0AB3BF05-4346-4AA6-1389-037BE0695223}
		{05255555-7027-416C-9ED7-C4BDB5A73402} = {827E0CD3-B72D-47B6-A68D-7590B98EB39B}
		{CC117307-5F76-4BF3-8C06-66C0EE3C7C66} = {827E0CD3-B72D-47B6-A68D-7590B98EB39B}
		{875FCCDE-6AD5-48B5-A52F-A5C2D553C36B} = {0AB3BF05-4346-4AA6-1389-037BE0695223}
		{2EFCC8E5-8008-45DE-82D2-E3EB2EC99C4D} = {0AB3BF05-4346-4AA6-1389-037BE0695223}
	EndGlobalSection
EndGlobal
